<?xml version="1.0" encoding="utf-8"?>
<Project ToolsVersion="4.0" xmlns="http://schemas.microsoft.com/developer/msbuild/2003">
  <ItemGroup>
    <Filter Include="Galaxy">
      <UniqueIdentifier>{CB7795B4-B719-C08A-A0D4-D3DE8C1547DB}</UniqueIdentifier>
    </Filter>
    <Filter Include="Galaxy\Events">
      <UniqueIdentifier>{4F1193D8-BBD1-0E0F-840C-588CF08B53EB}</UniqueIdentifier>
    </Filter>
  </ItemGroup>
  <ItemGroup>
    <ClInclude Include="src\Galaxy.h" />
    <ClInclude Include="src\Galaxy\Application.h">
      <Filter>Galaxy</Filter>
    </ClInclude>
    <ClInclude Include="src\Galaxy\Core.h">
      <Filter>Galaxy</Filter>
    </ClInclude>
    <ClInclude Include="src\Galaxy\EntryPoint.h">
      <Filter>Galaxy</Filter>
    </ClInclude>
    <ClInclude Include="src\Galaxy\Events\ApplicaitonEvent.h">
      <Filter>Galaxy\Events</Filter>
    </ClInclude>
    <ClInclude Include="src\Galaxy\Events\Event.h">
      <Filter>Galaxy\Events</Filter>
    </ClInclude>
    <ClInclude Include="src\Galaxy\Events\KeyEvent.h">
      <Filter>Galaxy\Events</Filter>
    </ClInclude>
    <ClInclude Include="src\Galaxy\Events\MouseEvent.h">
      <Filter>Galaxy\Events</Filter>
    </ClInclude>
    <ClInclude Include="src\Galaxy\Log.h">
      <Filter>Galaxy</Filter>
    </ClInclude>
    <ClInclude Include="src\gxpch.h" />
    <ClInclude Include="src\Galaxy\Window.h" />
    <ClInclude Include="src\Platform\Windows\WindowsWindow.h" />
  </ItemGroup>
  <ItemGroup>
    <ClCompile Include="src\Galaxy\Application.cpp">
      <Filter>Galaxy</Filter>
    </ClCompile>
    <ClCompile Include="src\Galaxy\Log.cpp">
      <Filter>Galaxy</Filter>
    </ClCompile>
    <ClCompile Include="src\gxpch.cpp" />
    <ClCompile Include="src\Platform\Windows\WindowsWindow.cpp" />
  </ItemGroup>
</Project>